
Microsoft Visual Studio Solution File, Format Version 12.00
# Visual Studio 14
VisualStudioVersion = 14.0.23107.0
MinimumVisualStudioVersion = 10.0.40219.1
Project("{FAE04EC0-301F-11D3-BF4B-00C04F79EFBC}") = "dotnet-clara", "dotnet-clara\dotnet-clara.csproj", "{8D7C3007-B5BB-4E2D-903A-0C086CBB8D7C}"
EndProject
Project("{FAE04EC0-301F-11D3-BF4B-00C04F79EFBC}") = "dotnet-claraTests", "dotnet-claraTests\dotnet-claraTests.csproj", "{B3C6FEF6-0E30-470D-839A-235A4CFA8E76}"
EndProject
Global
	GlobalSection(SolutionConfigurationPlatforms) = preSolution
		Debug|Any CPU = Debug|Any CPU
		Release|Any CPU = Release|Any CPU
	EndGlobalSection
	GlobalSection(ProjectConfigurationPlatforms) = postSolution
		{8D7C3007-B5BB-4E2D-903A-0C086CBB8D7C}.Debug|Any CPU.ActiveCfg = Debug|Any CPU
		{8D7C3007-B5BB-4E2D-903A-0C086CBB8D7C}.Debug|Any CPU.Build.0 = Debug|Any CPU
		{8D7C3007-B5BB-4E2D-903A-0C086CBB8D7C}.Release|Any CPU.ActiveCfg = Release|Any CPU
		{8D7C3007-B5BB-4E2D-903A-0C086CBB8D7C}.Release|Any CPU.Build.0 = Release|Any CPU
		{B3C6FEF6-0E30-470D-839A-235A4CFA8E76}.Debug|Any CPU.ActiveCfg = Debug|Any CPU
		{B3C6FEF6-0E30-470D-839A-235A4CFA8E76}.Debug|Any CPU.Build.0 = Debug|Any CPU
		{B3C6FEF6-0E30-470D-839A-235A4CFA8E76}.Release|Any CPU.ActiveCfg = Release|Any CPU
		{B3C6FEF6-0E30-470D-839A-235A4CFA8E76}.Release|Any CPU.Build.0 = Release|Any CPU
	EndGlobalSection
	GlobalSection(SolutionProperties) = preSolution
		HideSolutionNode = FALSE
	EndGlobalSection
EndGlobal
